
Microsoft Visual Studio Solution File, Format Version 12.00
# Visual Studio Version 17
VisualStudioVersion = 17.11.35312.102
MinimumVisualStudioVersion = 10.0.40219.1
Project("{FAE04EC0-301F-11D3-BF4B-00C04F79EFBC}") = "ToolBarSample", "ToolBarSample\ToolBarSample.csproj", "{3D45E95D-A0D0-4F48-BA1D-31D367FF5CE5}"
EndProject
Global
	GlobalSection(SolutionConfigurationPlatforms) = preSolution
		Debug|Any CPU = Debug|Any CPU
		Release|Any CPU = Release|Any CPU
	EndGlobalSection
	GlobalSection(ProjectConfigurationPlatforms) = postSolution
		{3D45E95D-A0D0-4F48-BA1D-31D367FF5CE5}.Debug|Any CPU.ActiveCfg = Debug|Any CPU
		{3D45E95D-A0D0-4F48-BA1D-31D367FF5CE5}.Debug|Any CPU.Build.0 = Debug|Any CPU
		{3D45E95D-A0D0-4F48-BA1D-31D367FF5CE5}.Debug|Any CPU.Deploy.0 = Debug|Any CPU
		{3D45E95D-A0D0-4F48-BA1D-31D367FF5CE5}.Release|Any CPU.ActiveCfg = Release|Any CPU
		{3D45E95D-A0D0-4F48-BA1D-31D367FF5CE5}.Release|Any CPU.Build.0 = Release|Any CPU
		{3D45E95D-A0D0-4F48-BA1D-31D367FF5CE5}.Release|Any CPU.Deploy.0 = Release|Any CPU
	EndGlobalSection
	GlobalSection(SolutionProperties) = preSolution
		HideSolutionNode = FALSE
	EndGlobalSection
	GlobalSection(ExtensibilityGlobals) = postSolution
		SolutionGuid = {94A428D1-9BFD-4ED8-9E1D-33E282868255}
	EndGlobalSection
EndGlobal
